
Microsoft Visual Studio Solution File, Format Version 12.00
# Visual Studio 15
VisualStudioVersion = 15.0.26430.6
MinimumVisualStudioVersion = 10.0.40219.1
Project("{2150E333-8FDC-42A3-9474-1A3956D46DE8}") = "App", "App", "{A0CB5052-E76F-4551-B250-4385A5135F52}"
EndProject
Project("{2150E333-8FDC-42A3-9474-1A3956D46DE8}") = "Backend", "Backend", "{6C9BFBFF-EF01-4400-8380-9449914D2F47}"
EndProject
Project("{FAE04EC0-301F-11D3-BF4B-00C04F79EFBC}") = "NGODirectory.Android", "NGODirectory\NGODirectory.Android\NGODirectory.Android.csproj", "{76E46750-A942-4572-AB31-71BAF8C640E2}"
EndProject
Project("{FAE04EC0-301F-11D3-BF4B-00C04F79EFBC}") = "NGODirectory", "NGODirectory\NGODirectory\NGODirectory.csproj", "{C1DC5302-A1A2-4363-915F-106D3974CB30}"
EndProject
Project("{FAE04EC0-301F-11D3-BF4B-00C04F79EFBC}") = "NGODirectory.UWP", "NGODirectory\NGODirectory.UWP\NGODirectory.UWP.csproj", "{D413A679-3767-485F-B67D-BC9092B6FBA8}"
EndProject
Project("{FAE04EC0-301F-11D3-BF4B-00C04F79EFBC}") = "NGODirectory.iOS", "NGODirectory\NGODirectory.iOS\NGODirectory.iOS.csproj", "{FC4EBEC7-46F2-4322-A776-538FF1C8CF31}"
EndProject
Project("{FAE04EC0-301F-11D3-BF4B-00C04F79EFBC}") = "NGODirectory.Backend", "NGODirectory.Backend\NGODirectory.Backend.csproj", "{EDB37887-775A-4220-8611-CE136675A6B0}"
EndProject
Global
	GlobalSection(SolutionConfigurationPlatforms) = preSolution
		Ad-Hoc|Any CPU = Ad-Hoc|Any CPU
		Ad-Hoc|ARM = Ad-Hoc|ARM
		Ad-Hoc|iPhone = Ad-Hoc|iPhone
		Ad-Hoc|iPhoneSimulator = Ad-Hoc|iPhoneSimulator
		Ad-Hoc|x64 = Ad-Hoc|x64
		Ad-Hoc|x86 = Ad-Hoc|x86
		AppStore|Any CPU = AppStore|Any CPU
		AppStore|ARM = AppStore|ARM
		AppStore|iPhone = AppStore|iPhone
		AppStore|iPhoneSimulator = AppStore|iPhoneSimulator
		AppStore|x64 = AppStore|x64
		AppStore|x86 = AppStore|x86
		Debug|Any CPU = Debug|Any CPU
		Debug|ARM = Debug|ARM
		Debug|iPhone = Debug|iPhone
		Debug|iPhoneSimulator = Debug|iPhoneSimulator
		Debug|x64 = Debug|x64
		Debug|x86 = Debug|x86
		Release|Any CPU = Release|Any CPU
		Release|ARM = Release|ARM
		Release|iPhone = Release|iPhone
		Release|iPhoneSimulator = Release|iPhoneSimulator
		Release|x64 = Release|x64
		Release|x86 = Release|x86
	EndGlobalSection
	GlobalSection(ProjectConfigurationPlatforms) = postSolution
		{76E46750-A942-4572-AB31-71BAF8C640E2}.Ad-Hoc|Any CPU.ActiveCfg = Release|Any CPU
		{76E46750-A942-4572-AB31-71BAF8C640E2}.Ad-Hoc|Any CPU.Build.0 = Release|Any CPU
		{76E46750-A942-4572-AB31-71BAF8C640E2}.Ad-Hoc|Any CPU.Deploy.0 = Release|Any CPU
		{76E46750-A942-4572-AB31-71BAF8C640E2}.Ad-Hoc|ARM.ActiveCfg = Release|Any CPU
		{76E46750-A942-4572-AB31-71BAF8C640E2}.Ad-Hoc|ARM.Build.0 = Release|Any CPU
		{76E46750-A942-4572-AB31-71BAF8C640E2}.Ad-Hoc|ARM.Deploy.0 = Release|Any CPU
		{76E46750-A942-4572-AB31-71BAF8C640E2}.Ad-Hoc|iPhone.ActiveCfg = Release|Any CPU
		{76E46750-A942-4572-AB31-71BAF8C640E2}.Ad-Hoc|iPhone.Build.0 = Release|Any CPU
		{76E46750-A942-4572-AB31-71BAF8C640E2}.Ad-Hoc|iPhone.Deploy.0 = Release|Any CPU
		{76E46750-A942-4572-AB31-71BAF8C640E2}.Ad-Hoc|iPhoneSimulator.ActiveCfg = Release|Any CPU
		{76E46750-A942-4572-AB31-71BAF8C640E2}.Ad-Hoc|iPhoneSimulator.Build.0 = Release|Any CPU
		{76E46750-A942-4572-AB31-71BAF8C640E2}.Ad-Hoc|iPhoneSimulator.Deploy.0 = Release|Any CPU
		{76E46750-A942-4572-AB31-71BAF8C640E2}.Ad-Hoc|x64.ActiveCfg = Release|Any CPU
		{76E46750-A942-4572-AB31-71BAF8C640E2}.Ad-Hoc|x64.Build.0 = Release|Any CPU
		{76E46750-A942-4572-AB31-71BAF8C640E2}.Ad-Hoc|x64.Deploy.0 = Release|Any CPU
		{76E46750-A942-4572-AB31-71BAF8C640E2}.Ad-Hoc|x86.ActiveCfg = Release|Any CPU
		{76E46750-A942-4572-AB31-71BAF8C640E2}.Ad-Hoc|x86.Build.0 = Release|Any CPU
		{76E46750-A942-4572-AB31-71BAF8C640E2}.Ad-Hoc|x86.Deploy.0 = Release|Any CPU
		{76E46750-A942-4572-AB31-71BAF8C640E2}.AppStore|Any CPU.ActiveCfg = Release|Any CPU
		{76E46750-A942-4572-AB31-71BAF8C640E2}.AppStore|Any CPU.Build.0 = Release|Any CPU
		{76E46750-A942-4572-AB31-71BAF8C640E2}.AppStore|Any CPU.Deploy.0 = Release|Any CPU
		{76E46750-A942-4572-AB31-71BAF8C640E2}.AppStore|ARM.ActiveCfg = Release|Any CPU
		{76E46750-A942-4572-AB31-71BAF8C640E2}.AppStore|ARM.Build.0 = Release|Any CPU
		{76E46750-A942-4572-AB31-71BAF8C640E2}.AppStore|ARM.Deploy.0 = Release|Any CPU
		{76E46750-A942-4572-AB31-71BAF8C640E2}.AppStore|iPhone.ActiveCfg = Release|Any CPU
		{76E46750-A942-4572-AB31-71BAF8C640E2}.AppStore|iPhone.Build.0 = Release|Any CPU
		{76E46750-A942-4572-AB31-71BAF8C640E2}.AppStore|iPhone.Deploy.0 = Release|Any CPU
		{76E46750-A942-4572-AB31-71BAF8C640E2}.AppStore|iPhoneSimulator.ActiveCfg = Release|Any CPU
		{76E46750-A942-4572-AB31-71BAF8C640E2}.AppStore|iPhoneSimulator.Build.0 = Release|Any CPU
		{76E46750-A942-4572-AB31-71BAF8C640E2}.AppStore|iPhoneSimulator.Deploy.0 = Release|Any CPU
		{76E46750-A942-4572-AB31-71BAF8C640E2}.AppStore|x64.ActiveCfg = Release|Any CPU
		{76E46750-A942-4572-AB31-71BAF8C640E2}.AppStore|x64.Build.0 = Release|Any CPU
		{76E46750-A942-4572-AB31-71BAF8C640E2}.AppStore|x64.Deploy.0 = Release|Any CPU
		{76E46750-A942-4572-AB31-71BAF8C640E2}.AppStore|x86.ActiveCfg = Release|Any CPU
		{76E46750-A942-4572-AB31-71BAF8C640E2}.AppStore|x86.Build.0 = Release|Any CPU
		{76E46750-A942-4572-AB31-71BAF8C640E2}.AppStore|x86.Deploy.0 = Release|Any CPU
		{76E46750-A942-4572-AB31-71BAF8C640E2}.Debug|Any CPU.ActiveCfg = Debug|Any CPU
		{76E46750-A942-4572-AB31-71BAF8C640E2}.Debug|Any CPU.Build.0 = Debug|Any CPU
		{76E46750-A942-4572-AB31-71BAF8C640E2}.Debug|Any CPU.Deploy.0 = Debug|Any CPU
		{76E46750-A942-4572-AB31-71BAF8C640E2}.Debug|ARM.ActiveCfg = Debug|Any CPU
		{76E46750-A942-4572-AB31-71BAF8C640E2}.Debug|ARM.Build.0 = Debug|Any CPU
		{76E46750-A942-4572-AB31-71BAF8C640E2}.Debug|ARM.Deploy.0 = Debug|Any CPU
		{76E46750-A942-4572-AB31-71BAF8C640E2}.Debug|iPhone.ActiveCfg = Debug|Any CPU
		{76E46750-A942-4572-AB31-71BAF8C640E2}.Debug|iPhone.Build.0 = Debug|Any CPU
		{76E46750-A942-4572-AB31-71BAF8C640E2}.Debug|iPhone.Deploy.0 = Debug|Any CPU
		{76E46750-A942-4572-AB31-71BAF8C640E2}.Debug|iPhoneSimulator.ActiveCfg = Debug|Any CPU
		{76E46750-A942-4572-AB31-71BAF8C640E2}.Debug|iPhoneSimulator.Build.0 = Debug|Any CPU
		{76E46750-A942-4572-AB31-71BAF8C640E2}.Debug|iPhoneSimulator.Deploy.0 = Debug|Any CPU
		{76E46750-A942-4572-AB31-71BAF8C640E2}.Debug|x64.ActiveCfg = Debug|Any CPU
		{76E46750-A942-4572-AB31-71BAF8C640E2}.Debug|x64.Build.0 = Debug|Any CPU
		{76E46750-A942-4572-AB31-71BAF8C640E2}.Debug|x64.Deploy.0 = Debug|Any CPU
		{76E46750-A942-4572-AB31-71BAF8C640E2}.Debug|x86.ActiveCfg = Debug|Any CPU
		{76E46750-A942-4572-AB31-71BAF8C640E2}.Debug|x86.Build.0 = Debug|Any CPU
		{76E46750-A942-4572-AB31-71BAF8C640E2}.Debug|x86.Deploy.0 = Debug|Any CPU
		{76E46750-A942-4572-AB31-71BAF8C640E2}.Release|Any CPU.ActiveCfg = Release|Any CPU
		{76E46750-A942-4572-AB31-71BAF8C640E2}.Release|Any CPU.Build.0 = Release|Any CPU
		{76E46750-A942-4572-AB31-71BAF8C640E2}.Release|Any CPU.Deploy.0 = Release|Any CPU
		{76E46750-A942-4572-AB31-71BAF8C640E2}.Release|ARM.ActiveCfg = Release|Any CPU
		{76E46750-A942-4572-AB31-71BAF8C640E2}.Release|ARM.Build.0 = Release|Any CPU
		{76E46750-A942-4572-AB31-71BAF8C640E2}.Release|ARM.Deploy.0 = Release|Any CPU
		{76E46750-A942-4572-AB31-71BAF8C640E2}.Release|iPhone.ActiveCfg = Release|Any CPU
		{76E46750-A942-4572-AB31-71BAF8C640E2}.Release|iPhone.Build.0 = Release|Any CPU
		{76E46750-A942-4572-AB31-71BAF8C640E2}.Release|iPhone.Deploy.0 = Release|Any CPU
		{76E46750-A942-4572-AB31-71BAF8C640E2}.Release|iPhoneSimulator.ActiveCfg = Release|Any CPU
		{76E46750-A942-4572-AB31-71BAF8C640E2}.Release|iPhoneSimulator.Build.0 = Release|Any CPU
		{76E46750-A942-4572-AB31-71BAF8C640E2}.Release|iPhoneSimulator.Deploy.0 = Release|Any CPU
		{76E46750-A942-4572-AB31-71BAF8C640E2}.Release|x64.ActiveCfg = Release|Any CPU
		{76E46750-A942-4572-AB31-71BAF8C640E2}.Release|x64.Build.0 = Release|Any CPU
		{76E46750-A942-4572-AB31-71BAF8C640E2}.Release|x64.Deploy.0 = Release|Any CPU
		{76E46750-A942-4572-AB31-71BAF8C640E2}.Release|x86.ActiveCfg = Release|Any CPU
		{76E46750-A942-4572-AB31-71BAF8C640E2}.Release|x86.Build.0 = Release|Any CPU
		{76E46750-A942-4572-AB31-71BAF8C640E2}.Release|x86.Deploy.0 = Release|Any CPU
		{C1DC5302-A1A2-4363-915F-106D3974CB30}.Ad-Hoc|Any CPU.ActiveCfg = Release|Any CPU
		{C1DC5302-A1A2-4363-915F-106D3974CB30}.Ad-Hoc|Any CPU.Build.0 = Release|Any CPU
		{C1DC5302-A1A2-4363-915F-106D3974CB30}.Ad-Hoc|ARM.ActiveCfg = Release|Any CPU
		{C1DC5302-A1A2-4363-915F-106D3974CB30}.Ad-Hoc|ARM.Build.0 = Release|Any CPU
		{C1DC5302-A1A2-4363-915F-106D3974CB30}.Ad-Hoc|iPhone.ActiveCfg = Release|Any CPU
		{C1DC5302-A1A2-4363-915F-106D3974CB30}.Ad-Hoc|iPhone.Build.0 = Release|Any CPU
		{C1DC5302-A1A2-4363-915F-106D3974CB30}.Ad-Hoc|iPhoneSimulator.ActiveCfg = Release|Any CPU
		{C1DC5302-A1A2-4363-915F-106D3974CB30}.Ad-Hoc|iPhoneSimulator.Build.0 = Release|Any CPU
		{C1DC5302-A1A2-4363-915F-106D3974CB30}.Ad-Hoc|x64.ActiveCfg = Release|Any CPU
		{C1DC5302-A1A2-4363-915F-106D3974CB30}.Ad-Hoc|x64.Build.0 = Release|Any CPU
		{C1DC5302-A1A2-4363-915F-106D3974CB30}.Ad-Hoc|x86.ActiveCfg = Release|Any CPU
		{C1DC5302-A1A2-4363-915F-106D3974CB30}.Ad-Hoc|x86.Build.0 = Release|Any CPU
		{C1DC5302-A1A2-4363-915F-106D3974CB30}.AppStore|Any CPU.ActiveCfg = Release|Any CPU
		{C1DC5302-A1A2-4363-915F-106D3974CB30}.AppStore|Any CPU.Build.0 = Release|Any CPU
		{C1DC5302-A1A2-4363-915F-106D3974CB30}.AppStore|ARM.ActiveCfg = Release|Any CPU
		{C1DC5302-A1A2-4363-915F-106D3974CB30}.AppStore|ARM.Build.0 = Release|Any CPU
		{C1DC5302-A1A2-4363-915F-106D3974CB30}.AppStore|iPhone.ActiveCfg = Release|Any CPU
		{C1DC5302-A1A2-4363-915F-106D3974CB30}.AppStore|iPhone.Build.0 = Release|Any CPU
		{C1DC5302-A1A2-4363-915F-106D3974CB30}.AppStore|iPhoneSimulator.ActiveCfg = Release|Any CPU
		{C1DC5302-A1A2-4363-915F-106D3974CB30}.AppStore|iPhoneSimulator.Build.0 = Release|Any CPU
		{C1DC5302-A1A2-4363-915F-106D3974CB30}.AppStore|x64.ActiveCfg = Release|Any CPU
		{C1DC5302-A1A2-4363-915F-106D3974CB30}.AppStore|x64.Build.0 = Release|Any CPU
		{C1DC5302-A1A2-4363-915F-106D3974CB30}.AppStore|x86.ActiveCfg = Release|Any CPU
		{C1DC5302-A1A2-4363-915F-106D3974CB30}.AppStore|x86.Build.0 = Release|Any CPU
		{C1DC5302-A1A2-4363-915F-106D3974CB30}.Debug|Any CPU.ActiveCfg = Debug|Any CPU
		{C1DC5302-A1A2-4363-915F-106D3974CB30}.Debug|Any CPU.Build.0 = Debug|Any CPU
		{C1DC5302-A1A2-4363-915F-106D3974CB30}.Debug|ARM.ActiveCfg = Debug|Any CPU
		{C1DC5302-A1A2-4363-915F-106D3974CB30}.Debug|ARM.Build.0 = Debug|Any CPU
		{C1DC5302-A1A2-4363-915F-106D3974CB30}.Debug|iPhone.ActiveCfg = Debug|Any CPU
		{C1DC5302-A1A2-4363-915F-106D3974CB30}.Debug|iPhone.Build.0 = Debug|Any CPU
		{C1DC5302-A1A2-4363-915F-106D3974CB30}.Debug|iPhoneSimulator.ActiveCfg = Debug|Any CPU
		{C1DC5302-A1A2-4363-915F-106D3974CB30}.Debug|iPhoneSimulator.Build.0 = Debug|Any CPU
		{C1DC5302-A1A2-4363-915F-106D3974CB30}.Debug|x64.ActiveCfg = Debug|Any CPU
		{C1DC5302-A1A2-4363-915F-106D3974CB30}.Debug|x64.Build.0 = Debug|Any CPU
		{C1DC5302-A1A2-4363-915F-106D3974CB30}.Debug|x86.ActiveCfg = Debug|Any CPU
		{C1DC5302-A1A2-4363-915F-106D3974CB30}.Debug|x86.Build.0 = Debug|Any CPU
		{C1DC5302-A1A2-4363-915F-106D3974CB30}.Release|Any CPU.ActiveCfg = Release|Any CPU
		{C1DC5302-A1A2-4363-915F-106D3974CB30}.Release|Any CPU.Build.0 = Release|Any CPU
		{C1DC5302-A1A2-4363-915F-106D3974CB30}.Release|ARM.ActiveCfg = Release|Any CPU
		{C1DC5302-A1A2-4363-915F-106D3974CB30}.Release|ARM.Build.0 = Release|Any CPU
		{C1DC5302-A1A2-4363-915F-106D3974CB30}.Release|iPhone.ActiveCfg = Release|Any CPU
		{C1DC5302-A1A2-4363-915F-106D3974CB30}.Release|iPhone.Build.0 = Release|Any CPU
		{C1DC5302-A1A2-4363-915F-106D3974CB30}.Release|iPhoneSimulator.ActiveCfg = Release|Any CPU
		{C1DC5302-A1A2-4363-915F-106D3974CB30}.Release|iPhoneSimulator.Build.0 = Release|Any CPU
		{C1DC5302-A1A2-4363-915F-106D3974CB30}.Release|x64.ActiveCfg = Release|Any CPU
		{C1DC5302-A1A2-4363-915F-106D3974CB30}.Release|x64.Build.0 = Release|Any CPU
		{C1DC5302-A1A2-4363-915F-106D3974CB30}.Release|x86.ActiveCfg = Release|Any CPU
		{C1DC5302-A1A2-4363-915F-106D3974CB30}.Release|x86.Build.0 = Release|Any CPU
		{D413A679-3767-485F-B67D-BC9092B6FBA8}.Ad-Hoc|Any CPU.ActiveCfg = Release|x86
		{D413A679-3767-485F-B67D-BC9092B6FBA8}.Ad-Hoc|Any CPU.Build.0 = Release|x86
		{D413A679-3767-485F-B67D-BC9092B6FBA8}.Ad-Hoc|Any CPU.Deploy.0 = Release|x86
		{D413A679-3767-485F-B67D-BC9092B6FBA8}.Ad-Hoc|ARM.ActiveCfg = Release|ARM
		{D413A679-3767-485F-B67D-BC9092B6FBA8}.Ad-Hoc|ARM.Build.0 = Release|ARM
		{D413A679-3767-485F-B67D-BC9092B6FBA8}.Ad-Hoc|ARM.Deploy.0 = Release|ARM
		{D413A679-3767-485F-B67D-BC9092B6FBA8}.Ad-Hoc|iPhone.ActiveCfg = Release|x86
		{D413A679-3767-485F-B67D-BC9092B6FBA8}.Ad-Hoc|iPhone.Build.0 = Release|x86
		{D413A679-3767-485F-B67D-BC9092B6FBA8}.Ad-Hoc|iPhone.Deploy.0 = Release|x86
		{D413A679-3767-485F-B67D-BC9092B6FBA8}.Ad-Hoc|iPhoneSimulator.ActiveCfg = Release|x86
		{D413A679-3767-485F-B67D-BC9092B6FBA8}.Ad-Hoc|iPhoneSimulator.Build.0 = Release|x86
		{D413A679-3767-485F-B67D-BC9092B6FBA8}.Ad-Hoc|iPhoneSimulator.Deploy.0 = Release|x86
		{D413A679-3767-485F-B67D-BC9092B6FBA8}.Ad-Hoc|x64.ActiveCfg = Release|x64
		{D413A679-3767-485F-B67D-BC9092B6FBA8}.Ad-Hoc|x64.Build.0 = Release|x64
		{D413A679-3767-485F-B67D-BC9092B6FBA8}.Ad-Hoc|x64.Deploy.0 = Release|x64
		{D413A679-3767-485F-B67D-BC9092B6FBA8}.Ad-Hoc|x86.ActiveCfg = Release|x86
		{D413A679-3767-485F-B67D-BC9092B6FBA8}.Ad-Hoc|x86.Build.0 = Release|x86
		{D413A679-3767-485F-B67D-BC9092B6FBA8}.Ad-Hoc|x86.Deploy.0 = Release|x86
		{D413A679-3767-485F-B67D-BC9092B6FBA8}.AppStore|Any CPU.ActiveCfg = Release|x86
		{D413A679-3767-485F-B67D-BC9092B6FBA8}.AppStore|Any CPU.Build.0 = Release|x86
		{D413A679-3767-485F-B67D-BC9092B6FBA8}.AppStore|Any CPU.Deploy.0 = Release|x86
		{D413A679-3767-485F-B67D-BC9092B6FBA8}.AppStore|ARM.ActiveCfg = Release|ARM
		{D413A679-3767-485F-B67D-BC9092B6FBA8}.AppStore|ARM.Build.0 = Release|ARM
		{D413A679-3767-485F-B67D-BC9092B6FBA8}.AppStore|ARM.Deploy.0 = Release|ARM
		{D413A679-3767-485F-B67D-BC9092B6FBA8}.AppStore|iPhone.ActiveCfg = Release|x86
		{D413A679-3767-485F-B67D-BC9092B6FBA8}.AppStore|iPhone.Build.0 = Release|x86
		{D413A679-3767-485F-B67D-BC9092B6FBA8}.AppStore|iPhone.Deploy.0 = Release|x86
		{D413A679-3767-485F-B67D-BC9092B6FBA8}.AppStore|iPhoneSimulator.ActiveCfg = Release|x86
		{D413A679-3767-485F-B67D-BC9092B6FBA8}.AppStore|iPhoneSimulator.Build.0 = Release|x86
		{D413A679-3767-485F-B67D-BC9092B6FBA8}.AppStore|iPhoneSimulator.Deploy.0 = Release|x86
		{D413A679-3767-485F-B67D-BC9092B6FBA8}.AppStore|x64.ActiveCfg = Release|x64
		{D413A679-3767-485F-B67D-BC9092B6FBA8}.AppStore|x64.Build.0 = Release|x64
		{D413A679-3767-485F-B67D-BC9092B6FBA8}.AppStore|x64.Deploy.0 = Release|x64
		{D413A679-3767-485F-B67D-BC9092B6FBA8}.AppStore|x86.ActiveCfg = Release|x86
		{D413A679-3767-485F-B67D-BC9092B6FBA8}.AppStore|x86.Build.0 = Release|x86
		{D413A679-3767-485F-B67D-BC9092B6FBA8}.AppStore|x86.Deploy.0 = Release|x86
		{D413A679-3767-485F-B67D-BC9092B6FBA8}.Debug|Any CPU.ActiveCfg = Debug|x86
		{D413A679-3767-485F-B67D-BC9092B6FBA8}.Debug|Any CPU.Build.0 = Debug|x86
		{D413A679-3767-485F-B67D-BC9092B6FBA8}.Debug|Any CPU.Deploy.0 = Debug|x86
		{D413A679-3767-485F-B67D-BC9092B6FBA8}.Debug|ARM.ActiveCfg = Debug|ARM
		{D413A679-3767-485F-B67D-BC9092B6FBA8}.Debug|ARM.Build.0 = Debug|ARM
		{D413A679-3767-485F-B67D-BC9092B6FBA8}.Debug|ARM.Deploy.0 = Debug|ARM
		{D413A679-3767-485F-B67D-BC9092B6FBA8}.Debug|iPhone.ActiveCfg = Debug|x86
		{D413A679-3767-485F-B67D-BC9092B6FBA8}.Debug|iPhoneSimulator.ActiveCfg = Debug|x86
		{D413A679-3767-485F-B67D-BC9092B6FBA8}.Debug|iPhoneSimulator.Build.0 = Debug|x86
		{D413A679-3767-485F-B67D-BC9092B6FBA8}.Debug|iPhoneSimulator.Deploy.0 = Debug|x86
		{D413A679-3767-485F-B67D-BC9092B6FBA8}.Debug|x64.ActiveCfg = Debug|x64
		{D413A679-3767-485F-B67D-BC9092B6FBA8}.Debug|x64.Build.0 = Debug|x64
		{D413A679-3767-485F-B67D-BC9092B6FBA8}.Debug|x64.Deploy.0 = Debug|x64
		{D413A679-3767-485F-B67D-BC9092B6FBA8}.Debug|x86.ActiveCfg = Debug|x86
		{D413A679-3767-485F-B67D-BC9092B6FBA8}.Debug|x86.Build.0 = Debug|x86
		{D413A679-3767-485F-B67D-BC9092B6FBA8}.Debug|x86.Deploy.0 = Debug|x86
		{D413A679-3767-485F-B67D-BC9092B6FBA8}.Release|Any CPU.ActiveCfg = Release|x86
		{D413A679-3767-485F-B67D-BC9092B6FBA8}.Release|ARM.ActiveCfg = Release|ARM
		{D413A679-3767-485F-B67D-BC9092B6FBA8}.Release|ARM.Build.0 = Release|ARM
		{D413A679-3767-485F-B67D-BC9092B6FBA8}.Release|ARM.Deploy.0 = Release|ARM
		{D413A679-3767-485F-B67D-BC9092B6FBA8}.Release|iPhone.ActiveCfg = Release|x86
		{D413A679-3767-485F-B67D-BC9092B6FBA8}.Release|iPhoneSimulator.ActiveCfg = Release|x86
		{D413A679-3767-485F-B67D-BC9092B6FBA8}.Release|x64.ActiveCfg = Release|x64
		{D413A679-3767-485F-B67D-BC9092B6FBA8}.Release|x64.Build.0 = Release|x64
		{D413A679-3767-485F-B67D-BC9092B6FBA8}.Release|x64.Deploy.0 = Release|x64
		{D413A679-3767-485F-B67D-BC9092B6FBA8}.Release|x86.ActiveCfg = Release|x86
		{D413A679-3767-485F-B67D-BC9092B6FBA8}.Release|x86.Build.0 = Release|x86
		{D413A679-3767-485F-B67D-BC9092B6FBA8}.Release|x86.Deploy.0 = Release|x86
		{FC4EBEC7-46F2-4322-A776-538FF1C8CF31}.Ad-Hoc|Any CPU.ActiveCfg = Ad-Hoc|iPhone
		{FC4EBEC7-46F2-4322-A776-538FF1C8CF31}.Ad-Hoc|ARM.ActiveCfg = Ad-Hoc|iPhone
		{FC4EBEC7-46F2-4322-A776-538FF1C8CF31}.Ad-Hoc|iPhone.ActiveCfg = Ad-Hoc|iPhone
		{FC4EBEC7-46F2-4322-A776-538FF1C8CF31}.Ad-Hoc|iPhone.Build.0 = Ad-Hoc|iPhone
		{FC4EBEC7-46F2-4322-A776-538FF1C8CF31}.Ad-Hoc|iPhoneSimulator.ActiveCfg = Ad-Hoc|iPhoneSimulator
		{FC4EBEC7-46F2-4322-A776-538FF1C8CF31}.Ad-Hoc|iPhoneSimulator.Build.0 = Ad-Hoc|iPhoneSimulator
		{FC4EBEC7-46F2-4322-A776-538FF1C8CF31}.Ad-Hoc|x64.ActiveCfg = Ad-Hoc|iPhone
		{FC4EBEC7-46F2-4322-A776-538FF1C8CF31}.Ad-Hoc|x86.ActiveCfg = Ad-Hoc|iPhone
		{FC4EBEC7-46F2-4322-A776-538FF1C8CF31}.AppStore|Any CPU.ActiveCfg = AppStore|iPhone
		{FC4EBEC7-46F2-4322-A776-538FF1C8CF31}.AppStore|ARM.ActiveCfg = AppStore|iPhone
		{FC4EBEC7-46F2-4322-A776-538FF1C8CF31}.AppStore|iPhone.ActiveCfg = AppStore|iPhone
		{FC4EBEC7-46F2-4322-A776-538FF1C8CF31}.AppStore|iPhone.Build.0 = AppStore|iPhone
		{FC4EBEC7-46F2-4322-A776-538FF1C8CF31}.AppStore|iPhoneSimulator.ActiveCfg = AppStore|iPhoneSimulator
		{FC4EBEC7-46F2-4322-A776-538FF1C8CF31}.AppStore|iPhoneSimulator.Build.0 = AppStore|iPhoneSimulator
		{FC4EBEC7-46F2-4322-A776-538FF1C8CF31}.AppStore|x64.ActiveCfg = AppStore|iPhone
		{FC4EBEC7-46F2-4322-A776-538FF1C8CF31}.AppStore|x86.ActiveCfg = AppStore|iPhone
		{FC4EBEC7-46F2-4322-A776-538FF1C8CF31}.Debug|Any CPU.ActiveCfg = Debug|iPhone
		{FC4EBEC7-46F2-4322-A776-538FF1C8CF31}.Debug|ARM.ActiveCfg = Debug|iPhone
		{FC4EBEC7-46F2-4322-A776-538FF1C8CF31}.Debug|iPhone.ActiveCfg = Debug|iPhone
		{FC4EBEC7-46F2-4322-A776-538FF1C8CF31}.Debug|iPhone.Build.0 = Debug|iPhone
		{FC4EBEC7-46F2-4322-A776-538FF1C8CF31}.Debug|iPhoneSimulator.ActiveCfg = Debug|iPhoneSimulator
		{FC4EBEC7-46F2-4322-A776-538FF1C8CF31}.Debug|iPhoneSimulator.Build.0 = Debug|iPhoneSimulator
		{FC4EBEC7-46F2-4322-A776-538FF1C8CF31}.Debug|x64.ActiveCfg = Debug|iPhone
		{FC4EBEC7-46F2-4322-A776-538FF1C8CF31}.Debug|x86.ActiveCfg = Debug|iPhone
		{FC4EBEC7-46F2-4322-A776-538FF1C8CF31}.Release|Any CPU.ActiveCfg = Release|iPhone
		{FC4EBEC7-46F2-4322-A776-538FF1C8CF31}.Release|ARM.ActiveCfg = Release|iPhone
		{FC4EBEC7-46F2-4322-A776-538FF1C8CF31}.Release|iPhone.ActiveCfg = Release|iPhone
		{FC4EBEC7-46F2-4322-A776-538FF1C8CF31}.Release|iPhone.Build.0 = Release|iPhone
		{FC4EBEC7-46F2-4322-A776-538FF1C8CF31}.Release|iPhoneSimulator.ActiveCfg = Release|iPhoneSimulator
		{FC4EBEC7-46F2-4322-A776-538FF1C8CF31}.Release|iPhoneSimulator.Build.0 = Release|iPhoneSimulator
		{FC4EBEC7-46F2-4322-A776-538FF1C8CF31}.Release|x64.ActiveCfg = Release|iPhone
		{FC4EBEC7-46F2-4322-A776-538FF1C8CF31}.Release|x86.ActiveCfg = Release|iPhone
		{EDB37887-775A-4220-8611-CE136675A6B0}.Ad-Hoc|Any CPU.ActiveCfg = Release|Any CPU
		{EDB37887-775A-4220-8611-CE136675A6B0}.Ad-Hoc|Any CPU.Build.0 = Release|Any CPU
		{EDB37887-775A-4220-8611-CE136675A6B0}.Ad-Hoc|ARM.ActiveCfg = Release|Any CPU
		{EDB37887-775A-4220-8611-CE136675A6B0}.Ad-Hoc|ARM.Build.0 = Release|Any CPU
		{EDB37887-775A-4220-8611-CE136675A6B0}.Ad-Hoc|iPhone.ActiveCfg = Release|Any CPU
		{EDB37887-775A-4220-8611-CE136675A6B0}.Ad-Hoc|iPhone.Build.0 = Release|Any CPU
		{EDB37887-775A-4220-8611-CE136675A6B0}.Ad-Hoc|iPhoneSimulator.ActiveCfg = Release|Any CPU
		{EDB37887-775A-4220-8611-CE136675A6B0}.Ad-Hoc|iPhoneSimulator.Build.0 = Release|Any CPU
		{EDB37887-775A-4220-8611-CE136675A6B0}.Ad-Hoc|x64.ActiveCfg = Release|Any CPU
		{EDB37887-775A-4220-8611-CE136675A6B0}.Ad-Hoc|x64.Build.0 = Release|Any CPU
		{EDB37887-775A-4220-8611-CE136675A6B0}.Ad-Hoc|x86.ActiveCfg = Release|Any CPU
		{EDB37887-775A-4220-8611-CE136675A6B0}.Ad-Hoc|x86.Build.0 = Release|Any CPU
		{EDB37887-775A-4220-8611-CE136675A6B0}.AppStore|Any CPU.ActiveCfg = Release|Any CPU
		{EDB37887-775A-4220-8611-CE136675A6B0}.AppStore|Any CPU.Build.0 = Release|Any CPU
		{EDB37887-775A-4220-8611-CE136675A6B0}.AppStore|ARM.ActiveCfg = Release|Any CPU
		{EDB37887-775A-4220-8611-CE136675A6B0}.AppStore|ARM.Build.0 = Release|Any CPU
		{EDB37887-775A-4220-8611-CE136675A6B0}.AppStore|iPhone.ActiveCfg = Release|Any CPU
		{EDB37887-775A-4220-8611-CE136675A6B0}.AppStore|iPhone.Build.0 = Release|Any CPU
		{EDB37887-775A-4220-8611-CE136675A6B0}.AppStore|iPhoneSimulator.ActiveCfg = Release|Any CPU
		{EDB37887-775A-4220-8611-CE136675A6B0}.AppStore|iPhoneSimulator.Build.0 = Release|Any CPU
		{EDB37887-775A-4220-8611-CE136675A6B0}.AppStore|x64.ActiveCfg = Release|Any CPU
		{EDB37887-775A-4220-8611-CE136675A6B0}.AppStore|x64.Build.0 = Release|Any CPU
		{EDB37887-775A-4220-8611-CE136675A6B0}.AppStore|x86.ActiveCfg = Release|Any CPU
		{EDB37887-775A-4220-8611-CE136675A6B0}.AppStore|x86.Build.0 = Release|Any CPU
		{EDB37887-775A-4220-8611-CE136675A6B0}.Debug|Any CPU.ActiveCfg = Debug|Any CPU
		{EDB37887-775A-4220-8611-CE136675A6B0}.Debug|Any CPU.Build.0 = Debug|Any CPU
		{EDB37887-775A-4220-8611-CE136675A6B0}.Debug|ARM.ActiveCfg = Debug|Any CPU
		{EDB37887-775A-4220-8611-CE136675A6B0}.Debug|ARM.Build.0 = Debug|Any CPU
		{EDB37887-775A-4220-8611-CE136675A6B0}.Debug|iPhone.ActiveCfg = Debug|Any CPU
		{EDB37887-775A-4220-8611-CE136675A6B0}.Debug|iPhone.Build.0 = Debug|Any CPU
		{EDB37887-775A-4220-8611-CE136675A6B0}.Debug|iPhoneSimulator.ActiveCfg = Debug|Any CPU
		{EDB37887-775A-4220-8611-CE136675A6B0}.Debug|iPhoneSimulator.Build.0 = Debug|Any CPU
		{EDB37887-775A-4220-8611-CE136675A6B0}.Debug|x64.ActiveCfg = Debug|Any CPU
		{EDB37887-775A-4220-8611-CE136675A6B0}.Debug|x64.Build.0 = Debug|Any CPU
		{EDB37887-775A-4220-8611-CE136675A6B0}.Debug|x86.ActiveCfg = Debug|Any CPU
		{EDB37887-775A-4220-8611-CE136675A6B0}.Debug|x86.Build.0 = Debug|Any CPU
		{EDB37887-775A-4220-8611-CE136675A6B0}.Release|Any CPU.ActiveCfg = Release|Any CPU
		{EDB37887-775A-4220-8611-CE136675A6B0}.Release|Any CPU.Build.0 = Release|Any CPU
		{EDB37887-775A-4220-8611-CE136675A6B0}.Release|ARM.ActiveCfg = Release|Any CPU
		{EDB37887-775A-4220-8611-CE136675A6B0}.Release|ARM.Build.0 = Release|Any CPU
		{EDB37887-775A-4220-8611-CE136675A6B0}.Release|iPhone.ActiveCfg = Release|Any CPU
		{EDB37887-775A-4220-8611-CE136675A6B0}.Release|iPhone.Build.0 = Release|Any CPU
		{EDB37887-775A-4220-8611-CE136675A6B0}.Release|iPhoneSimulator.ActiveCfg = Release|Any CPU
		{EDB37887-775A-4220-8611-CE136675A6B0}.Release|iPhoneSimulator.Build.0 = Release|Any CPU
		{EDB37887-775A-4220-8611-CE136675A6B0}.Release|x64.ActiveCfg = Release|Any CPU
		{EDB37887-775A-4220-8611-CE136675A6B0}.Release|x64.Build.0 = Release|Any CPU
		{EDB37887-775A-4220-8611-CE136675A6B0}.Release|x86.ActiveCfg = Release|Any CPU
		{EDB37887-775A-4220-8611-CE136675A6B0}.Release|x86.Build.0 = Release|Any CPU
	EndGlobalSection
	GlobalSection(SolutionProperties) = preSolution
		HideSolutionNode = FALSE
	EndGlobalSection
	GlobalSection(NestedProjects) = preSolution
		{76E46750-A942-4572-AB31-71BAF8C640E2} = {A0CB5052-E76F-4551-B250-4385A5135F52}
		{C1DC5302-A1A2-4363-915F-106D3974CB30} = {A0CB5052-E76F-4551-B250-4385A5135F52}
		{D413A679-3767-485F-B67D-BC9092B6FBA8} = {A0CB5052-E76F-4551-B250-4385A5135F52}
		{FC4EBEC7-46F2-4322-A776-538FF1C8CF31} = {A0CB5052-E76F-4551-B250-4385A5135F52}
		{EDB37887-775A-4220-8611-CE136675A6B0} = {6C9BFBFF-EF01-4400-8380-9449914D2F47}
	EndGlobalSection
EndGlobal
